
Microsoft Visual Studio Solution File, Format Version 12.00
# Visual Studio Version 17
VisualStudioVersion = 17.10.35122.118
MinimumVisualStudioVersion = 10.0.40219.1
Project("{FAE04EC0-301F-11D3-BF4B-00C04F79EFBC}") = "SchoolManagementSystemAPI", "SchoolManagementSystemAPI\SchoolManagementSystemAPI.csproj", "{2474C9E9-5911-48D4-8D27-D97384A33769}"
EndProject
Global
	GlobalSection(SolutionConfigurationPlatforms) = preSolution
		Debug|Any CPU = Debug|Any CPU
		Release|Any CPU = Release|Any CPU
	EndGlobalSection
	GlobalSection(ProjectConfigurationPlatforms) = postSolution
		{2474C9E9-5911-48D4-8D27-D97384A33769}.Debug|Any CPU.ActiveCfg = Debug|Any CPU
		{2474C9E9-5911-48D4-8D27-D97384A33769}.Debug|Any CPU.Build.0 = Debug|Any CPU
		{2474C9E9-5911-48D4-8D27-D97384A33769}.Release|Any CPU.ActiveCfg = Release|Any CPU
		{2474C9E9-5911-48D4-8D27-D97384A33769}.Release|Any CPU.Build.0 = Release|Any CPU
	EndGlobalSection
	GlobalSection(SolutionProperties) = preSolution
		HideSolutionNode = FALSE
	EndGlobalSection
	GlobalSection(ExtensibilityGlobals) = postSolution
		SolutionGuid = {55209CDA-5656-456B-B600-218E15A325D4}
	EndGlobalSection
EndGlobal
